
Microsoft Visual Studio Solution File, Format Version 12.00
# Visual Studio Version 17
VisualStudioVersion = 17.14.36414.22
MinimumVisualStudioVersion = 10.0.40219.1
Project("{FAE04EC0-301F-11D3-BF4B-00C04F79EFBC}") = "WorkflowAPI", "WorkflowAPI\WorkflowAPI.csproj", "{BF55724D-3089-4098-91EF-635BAF045351}"
EndProject
Project("{2150E333-8FDC-42A3-9474-1A3956D46DE8}") = "Itens de Solução", "Itens de Solução", "{380A7511-A354-6D7A-0CC0-8FA1F1BA7B6C}"
	ProjectSection(SolutionItems) = preProject
		docker-compose.yml = docker-compose.yml
	EndProjectSection
EndProject
Project("{FAE04EC0-301F-11D3-BF4B-00C04F79EFBC}") = "Workflow.Shared.Data", "Workflow.Shared.Data\Workflow.Shared.Data.csproj", "{C282CEA5-0033-4109-86E8-DC26123D1C59}"
EndProject
Project("{FAE04EC0-301F-11D3-BF4B-00C04F79EFBC}") = "Workflow.Shared.Modelos", "Workflow.Shared.Models\Workflow.Shared.Modelos.csproj", "{DD303BB2-1447-481E-A173-CD5ED225B7C0}"
EndProject
Project("{FAE04EC0-301F-11D3-BF4B-00C04F79EFBC}") = "Workflow.Test.API", "Workflow.Test.API\Workflow.Test.API.csproj", "{D6A4A964-1A02-48EF-8B78-8AB8BFA3FE31}"
EndProject
Global
	GlobalSection(SolutionConfigurationPlatforms) = preSolution
		Debug|Any CPU = Debug|Any CPU
		Release|Any CPU = Release|Any CPU
	EndGlobalSection
	GlobalSection(ProjectConfigurationPlatforms) = postSolution
		{BF55724D-3089-4098-91EF-635BAF045351}.Debug|Any CPU.ActiveCfg = Debug|Any CPU
		{BF55724D-3089-4098-91EF-635BAF045351}.Debug|Any CPU.Build.0 = Debug|Any CPU
		{BF55724D-3089-4098-91EF-635BAF045351}.Release|Any CPU.ActiveCfg = Release|Any CPU
		{BF55724D-3089-4098-91EF-635BAF045351}.Release|Any CPU.Build.0 = Release|Any CPU
		{C282CEA5-0033-4109-86E8-DC26123D1C59}.Debug|Any CPU.ActiveCfg = Debug|Any CPU
		{C282CEA5-0033-4109-86E8-DC26123D1C59}.Debug|Any CPU.Build.0 = Debug|Any CPU
		{C282CEA5-0033-4109-86E8-DC26123D1C59}.Release|Any CPU.ActiveCfg = Release|Any CPU
		{C282CEA5-0033-4109-86E8-DC26123D1C59}.Release|Any CPU.Build.0 = Release|Any CPU
		{DD303BB2-1447-481E-A173-CD5ED225B7C0}.Debug|Any CPU.ActiveCfg = Debug|Any CPU
		{DD303BB2-1447-481E-A173-CD5ED225B7C0}.Debug|Any CPU.Build.0 = Debug|Any CPU
		{DD303BB2-1447-481E-A173-CD5ED225B7C0}.Release|Any CPU.ActiveCfg = Release|Any CPU
		{DD303BB2-1447-481E-A173-CD5ED225B7C0}.Release|Any CPU.Build.0 = Release|Any CPU
		{D6A4A964-1A02-48EF-8B78-8AB8BFA3FE31}.Debug|Any CPU.ActiveCfg = Debug|Any CPU
		{D6A4A964-1A02-48EF-8B78-8AB8BFA3FE31}.Debug|Any CPU.Build.0 = Debug|Any CPU
		{D6A4A964-1A02-48EF-8B78-8AB8BFA3FE31}.Release|Any CPU.ActiveCfg = Release|Any CPU
		{D6A4A964-1A02-48EF-8B78-8AB8BFA3FE31}.Release|Any CPU.Build.0 = Release|Any CPU
	EndGlobalSection
	GlobalSection(SolutionProperties) = preSolution
		HideSolutionNode = FALSE
	EndGlobalSection
	GlobalSection(ExtensibilityGlobals) = postSolution
		SolutionGuid = {320296AD-1886-47B0-9486-A27E7F124A9C}
	EndGlobalSection
EndGlobal
